{
  "version": 4,
  "terraform_version": "1.8.1",
  "serial": 17,
  "lineage": "d4a2c3cc-acb8-bd28-491e-25bebeb46a1d",
  "outputs": {},
  "resources": [
    {
      "module": "module.consul",
      "mode": "data",
      "type": "template_file",
      "name": "userdata",
      "provider": "provider[\"registry.terraform.io/hashicorp/template\"]",
      "instances": [
        {
          "schema_version": 0,
          "attributes": {
            "filename": null,
            "id": "04b2f24af1ddc2b037e5fc78d4cb10e112acbb2f3d7e81d08872bbe01816ce08",
            "rendered": "#cloud-config\nusers:\n  - default\n  - name: baki\n    primary_group: baki\n    groups: [sudo,adm]\n    sudo: ALL=(ALL) NOPASSWD:ALL\n    groups: sudo\n    shell: /bin/bash\n    lock_passwd: true\n    ssh-authorized-keys: \n    - ssh-rsa AAAAB3NzaC1yc2EAAAADAQABAAABgQC04a8huQBpMDJBSm4Wgy04YH1lVsrmlRPCAtWYrAhJ7KNtPM5J697DkN+9omz9owMUNZsLu8PZPf4fQakF8NqI8M2u+iZPBBr1fzsHFFIxrkszP9OtZebaYfqfAgT+mgi8l+bk+B5bWJXzZ2fZJxDYykqsFzp/aFZ4OfDlmqHNK45O+tiu4ELWzH46S5plysY6SGEIeTrrrC35yN4I63jFPiRwaGTSHVXsrQ9v7i9IS2vp21aYD5ItYgTlut5QQ37C679cjU3ZyVPYu114FReIExOL9gy1u3XejRv8Icr98kVu2d2mBFHxMQUQeMMC6piRW2Gm/9w57JKyMQWm8zfLjuoWWR4uXAoOtI5bHBJnVDxK6+jCS6LjLmNPeF18pNnWYd0b9GfVRdpq5r20yQJHgsfrvaxrGFXcSEfiA8P3SU3PKS0uMXAsmgzYwGO7i2N8ZY5IwHat3Ou6maW3fRQAko+wYcTzZg7v4AnzHL1plPfkPnv6fFc8yj5nPMdH0Kk= bakar@DESKTOP-H8OG6RC\n",
            "template": "#cloud-config\nusers:\n  - default\n  - name: baki\n    primary_group: baki\n    groups: [sudo,adm]\n    sudo: ALL=(ALL) NOPASSWD:ALL\n    groups: sudo\n    shell: /bin/bash\n    lock_passwd: true\n    ssh-authorized-keys: \n    - ssh-rsa AAAAB3NzaC1yc2EAAAADAQABAAABgQC04a8huQBpMDJBSm4Wgy04YH1lVsrmlRPCAtWYrAhJ7KNtPM5J697DkN+9omz9owMUNZsLu8PZPf4fQakF8NqI8M2u+iZPBBr1fzsHFFIxrkszP9OtZebaYfqfAgT+mgi8l+bk+B5bWJXzZ2fZJxDYykqsFzp/aFZ4OfDlmqHNK45O+tiu4ELWzH46S5plysY6SGEIeTrrrC35yN4I63jFPiRwaGTSHVXsrQ9v7i9IS2vp21aYD5ItYgTlut5QQ37C679cjU3ZyVPYu114FReIExOL9gy1u3XejRv8Icr98kVu2d2mBFHxMQUQeMMC6piRW2Gm/9w57JKyMQWm8zfLjuoWWR4uXAoOtI5bHBJnVDxK6+jCS6LjLmNPeF18pNnWYd0b9GfVRdpq5r20yQJHgsfrvaxrGFXcSEfiA8P3SU3PKS0uMXAsmgzYwGO7i2N8ZY5IwHat3Ou6maW3fRQAko+wYcTzZg7v4AnzHL1plPfkPnv6fFc8yj5nPMdH0Kk= bakar@DESKTOP-H8OG6RC\n",
            "vars": null
          },
          "sensitive_attributes": []
        }
      ]
    },
    {
      "module": "module.consul",
      "mode": "managed",
      "type": "openstack_compute_instance_v2",
      "name": "instance",
      "provider": "provider[\"registry.terraform.io/terraform-provider-openstack/openstack\"]",
      "instances": [
        {
          "index_key": 0,
          "schema_version": 0,
          "attributes": {
            "access_ip_v4": "10.0.1.49",
            "access_ip_v6": "",
            "admin_pass": null,
            "all_metadata": {
              "app": "consul",
              "environment": "dev"
            },
            "all_tags": [],
            "availability_zone": "dc3-a-09",
            "availability_zone_hints": null,
            "block_device": [],
            "config_drive": null,
            "created": "2024-06-15 11:14:36 +0000 UTC",
            "flavor_id": "21aad244-a330-4e79-ba80-4c057cf742f9",
            "flavor_name": "a1-ram2-disk20-perf1",
            "floating_ip": null,
            "force_delete": false,
            "id": "7bc55a81-801e-4e50-b737-ba912d93d6af",
            "image_id": "cdf81c97-4873-473b-b0a3-f407ce837255",
            "image_name": "Debian 12 bookworm",
            "key_pair": "default_key",
            "metadata": {
              "app": "consul",
              "environment": "dev"
            },
            "name": "consul1",
            "network": [
              {
                "access_network": false,
                "fixed_ip_v4": "10.0.1.49",
                "fixed_ip_v6": "",
                "floating_ip": "",
                "mac": "fa:16:3e:b2:dc:77",
                "name": "internal_dev",
                "port": "",
                "uuid": "54ea2c33-391a-42f1-8854-3f0bc170e0f2"
              }
            ],
            "network_mode": null,
            "personality": [],
            "power_state": "active",
            "region": "dc3-a",
            "scheduler_hints": [],
            "security_groups": [
              "consul",
              "default",
              "ssh-internal"
            ],
            "stop_before_destroy": false,
            "tags": [],
            "timeouts": null,
            "updated": "2024-06-15 11:29:30 +0000 UTC",
            "user_data": "a9910e8d6f24e5d139e06fa3cb4f569b37466630",
            "vendor_options": [],
            "volume": []
          },
          "sensitive_attributes": [
            [
              {
                "type": "get_attr",
                "value": "admin_pass"
              }
            ]
          ],
          "private": "eyJlMmJmYjczMC1lY2FhLTExZTYtOGY4OC0zNDM2M2JjN2M0YzAiOnsiY3JlYXRlIjoxODAwMDAwMDAwMDAwLCJkZWxldGUiOjE4MDAwMDAwMDAwMDAsInVwZGF0ZSI6MTgwMDAwMDAwMDAwMH19",
          "dependencies": [
            "module.consul.data.template_file.userdata"
          ]
        },
        {
          "index_key": 1,
          "schema_version": 0,
          "attributes": {
            "access_ip_v4": "10.0.1.87",
            "access_ip_v6": "",
            "admin_pass": null,
            "all_metadata": {
              "app": "consul",
              "environment": "dev"
            },
            "all_tags": [],
            "availability_zone": "dc3-a-09",
            "availability_zone_hints": null,
            "block_device": [],
            "config_drive": null,
            "created": "2024-06-15 11:14:36 +0000 UTC",
            "flavor_id": "21aad244-a330-4e79-ba80-4c057cf742f9",
            "flavor_name": "a1-ram2-disk20-perf1",
            "floating_ip": null,
            "force_delete": false,
            "id": "9e772ac1-b7a8-484d-91a7-ee808ed453f6",
            "image_id": "cdf81c97-4873-473b-b0a3-f407ce837255",
            "image_name": "Debian 12 bookworm",
            "key_pair": "default_key",
            "metadata": {
              "app": "consul",
              "environment": "dev"
            },
            "name": "consul2",
            "network": [
              {
                "access_network": false,
                "fixed_ip_v4": "10.0.1.87",
                "fixed_ip_v6": "",
                "floating_ip": "",
                "mac": "fa:16:3e:e0:32:76",
                "name": "internal_dev",
                "port": "",
                "uuid": "54ea2c33-391a-42f1-8854-3f0bc170e0f2"
              }
            ],
            "network_mode": null,
            "personality": [],
            "power_state": "active",
            "region": "dc3-a",
            "scheduler_hints": [],
            "security_groups": [
              "consul",
              "default",
              "ssh-internal"
            ],
            "stop_before_destroy": false,
            "tags": [],
            "timeouts": null,
            "updated": "2024-06-15 11:29:30 +0000 UTC",
            "user_data": "a9910e8d6f24e5d139e06fa3cb4f569b37466630",
            "vendor_options": [],
            "volume": []
          },
          "sensitive_attributes": [
            [
              {
                "type": "get_attr",
                "value": "admin_pass"
              }
            ]
          ],
          "private": "eyJlMmJmYjczMC1lY2FhLTExZTYtOGY4OC0zNDM2M2JjN2M0YzAiOnsiY3JlYXRlIjoxODAwMDAwMDAwMDAwLCJkZWxldGUiOjE4MDAwMDAwMDAwMDAsInVwZGF0ZSI6MTgwMDAwMDAwMDAwMH19",
          "dependencies": [
            "module.consul.data.template_file.userdata"
          ]
        },
        {
          "index_key": 2,
          "schema_version": 0,
          "attributes": {
            "access_ip_v4": "10.0.1.246",
            "access_ip_v6": "",
            "admin_pass": null,
            "all_metadata": {
              "app": "consul",
              "environment": "dev"
            },
            "all_tags": [],
            "availability_zone": "dc3-a-09",
            "availability_zone_hints": null,
            "block_device": [],
            "config_drive": null,
            "created": "2024-06-15 11:14:36 +0000 UTC",
            "flavor_id": "21aad244-a330-4e79-ba80-4c057cf742f9",
            "flavor_name": "a1-ram2-disk20-perf1",
            "floating_ip": null,
            "force_delete": false,
            "id": "fdc527f7-bb1e-4aa2-ab88-6e22050d23a3",
            "image_id": "cdf81c97-4873-473b-b0a3-f407ce837255",
            "image_name": "Debian 12 bookworm",
            "key_pair": "default_key",
            "metadata": {
              "app": "consul",
              "environment": "dev"
            },
            "name": "consul3",
            "network": [
              {
                "access_network": false,
                "fixed_ip_v4": "10.0.1.246",
                "fixed_ip_v6": "",
                "floating_ip": "",
                "mac": "fa:16:3e:22:78:b0",
                "name": "internal_dev",
                "port": "",
                "uuid": "54ea2c33-391a-42f1-8854-3f0bc170e0f2"
              }
            ],
            "network_mode": null,
            "personality": [],
            "power_state": "active",
            "region": "dc3-a",
            "scheduler_hints": [],
            "security_groups": [
              "consul",
              "default",
              "ssh-internal"
            ],
            "stop_before_destroy": false,
            "tags": [],
            "timeouts": null,
            "updated": "2024-06-15 11:29:30 +0000 UTC",
            "user_data": "a9910e8d6f24e5d139e06fa3cb4f569b37466630",
            "vendor_options": [],
            "volume": []
          },
          "sensitive_attributes": [
            [
              {
                "type": "get_attr",
                "value": "admin_pass"
              }
            ]
          ],
          "private": "eyJlMmJmYjczMC1lY2FhLTExZTYtOGY4OC0zNDM2M2JjN2M0YzAiOnsiY3JlYXRlIjoxODAwMDAwMDAwMDAwLCJkZWxldGUiOjE4MDAwMDAwMDAwMDAsInVwZGF0ZSI6MTgwMDAwMDAwMDAwMH19",
          "dependencies": [
            "module.consul.data.template_file.userdata"
          ]
        }
      ]
    }
  ],
  "check_results": null
}
