{
  "version": 4,
  "terraform_version": "1.8.1",
  "serial": 141,
  "lineage": "81841463-c319-ad0f-b093-9e8edb082123",
  "outputs": {},
  "resources": [
    {
      "mode": "managed",
      "type": "openstack_compute_keypair_v2",
      "name": "ssh_public_key",
      "provider": "provider[\"registry.terraform.io/terraform-provider-openstack/openstack\"]",
      "instances": [
        {
          "schema_version": 0,
          "attributes": {
            "fingerprint": "71:85:e2:22:9b:8b:ed:4b:b9:b1:3a:d5:e7:26:38:75",
            "id": "default_key",
            "name": "default_key",
            "private_key": "",
            "public_key": "ssh-rsa AAAAB3NzaC1yc2EAAAADAQABAAABgQC04a8huQBpMDJBSm4Wgy04YH1lVsrmlRPCAtWYrAhJ7KNtPM5J697DkN+9omz9owMUNZsLu8PZPf4fQakF8NqI8M2u+iZPBBr1fzsHFFIxrkszP9OtZebaYfqfAgT+mgi8l+bk+B5bWJXzZ2fZJxDYykqsFzp/aFZ4OfDlmqHNK45O+tiu4ELWzH46S5plysY6SGEIeTrrrC35yN4I63jFPiRwaGTSHVXsrQ9v7i9IS2vp21aYD5ItYgTlut5QQ37C679cjU3ZyVPYu114FReIExOL9gy1u3XejRv8Icr98kVu2d2mBFHxMQUQeMMC6piRW2Gm/9w57JKyMQWm8zfLjuoWWR4uXAoOtI5bHBJnVDxK6+jCS6LjLmNPeF18pNnWYd0b9GfVRdpq5r20yQJHgsfrvaxrGFXcSEfiA8P3SU3PKS0uMXAsmgzYwGO7i2N8ZY5IwHat3Ou6maW3fRQAko+wYcTzZg7v4AnzHL1plPfkPnv6fFc8yj5nPMdH0Kk= bakar@DESKTOP-H8OG6RC",
            "region": "dc3-a",
            "user_id": "",
            "value_specs": null
          },
          "sensitive_attributes": [
            [
              {
                "type": "get_attr",
                "value": "private_key"
              }
            ]
          ],
          "private": "bnVsbA=="
        }
      ]
    },
    {
      "mode": "managed",
      "type": "openstack_networking_router_v2",
      "name": "rt1",
      "provider": "provider[\"registry.terraform.io/terraform-provider-openstack/openstack\"]",
      "instances": [
        {
          "schema_version": 0,
          "attributes": {
            "admin_state_up": true,
            "all_tags": [],
            "availability_zone_hints": [],
            "description": "",
            "distributed": false,
            "enable_snat": true,
            "external_fixed_ip": [
              {
                "ip_address": "195.15.198.223",
                "subnet_id": "5b11891c-91a8-493e-aea6-b076158621be"
              }
            ],
            "external_gateway": "0f9c3806-bd21-490f-918d-4a6d1c648489",
            "external_network_id": "0f9c3806-bd21-490f-918d-4a6d1c648489",
            "external_subnet_ids": null,
            "id": "445c7953-2172-4046-b6c8-89d4b1b4a29e",
            "name": "rt1",
            "region": "dc3-a",
            "tags": null,
            "tenant_id": "dabc9df3dd9440908120728ce6fc3819",
            "timeouts": null,
            "value_specs": null,
            "vendor_options": []
          },
          "sensitive_attributes": [],
          "private": "eyJlMmJmYjczMC1lY2FhLTExZTYtOGY4OC0zNDM2M2JjN2M0YzAiOnsiY3JlYXRlIjo2MDAwMDAwMDAwMDAsImRlbGV0ZSI6NjAwMDAwMDAwMDAwfX0="
        }
      ]
    },
    {
      "mode": "managed",
      "type": "openstack_networking_secgroup_rule_v2",
      "name": "secgroup_all_internal_rule_http_v4",
      "provider": "provider[\"registry.terraform.io/terraform-provider-openstack/openstack\"]",
      "instances": [
        {
          "schema_version": 0,
          "attributes": {
            "description": "",
            "direction": "ingress",
            "ethertype": "IPv4",
            "id": "c81c6a9f-43c8-4472-95e6-fe7e8d7d367e",
            "port_range_max": 80,
            "port_range_min": 80,
            "protocol": "tcp",
            "region": "dc3-a",
            "remote_group_id": "",
            "remote_ip_prefix": "10.0.1.0/24",
            "security_group_id": "34e10885-0a59-4754-bbc7-6ee0f37fa1da",
            "tenant_id": "dabc9df3dd9440908120728ce6fc3819",
            "timeouts": null
          },
          "sensitive_attributes": [],
          "private": "eyJlMmJmYjczMC1lY2FhLTExZTYtOGY4OC0zNDM2M2JjN2M0YzAiOnsiZGVsZXRlIjo2MDAwMDAwMDAwMDB9fQ==",
          "dependencies": [
            "openstack_networking_secgroup_v2.proxy"
          ]
        }
      ]
    },
    {
      "mode": "managed",
      "type": "openstack_networking_secgroup_rule_v2",
      "name": "secgroup_all_internal_rule_https_v4",
      "provider": "provider[\"registry.terraform.io/terraform-provider-openstack/openstack\"]",
      "instances": [
        {
          "schema_version": 0,
          "attributes": {
            "description": "",
            "direction": "ingress",
            "ethertype": "IPv4",
            "id": "a0f9b813-8f74-4e50-8069-a8e8fb03246b",
            "port_range_max": 443,
            "port_range_min": 443,
            "protocol": "tcp",
            "region": "dc3-a",
            "remote_group_id": "",
            "remote_ip_prefix": "10.0.1.0/24",
            "security_group_id": "34e10885-0a59-4754-bbc7-6ee0f37fa1da",
            "tenant_id": "dabc9df3dd9440908120728ce6fc3819",
            "timeouts": null
          },
          "sensitive_attributes": [],
          "private": "eyJlMmJmYjczMC1lY2FhLTExZTYtOGY4OC0zNDM2M2JjN2M0YzAiOnsiZGVsZXRlIjo2MDAwMDAwMDAwMDB9fQ==",
          "dependencies": [
            "openstack_networking_secgroup_v2.proxy"
          ]
        }
      ]
    },
    {
      "mode": "managed",
      "type": "openstack_networking_secgroup_rule_v2",
      "name": "secgroup_all_internal_rule_tcp_v4",
      "provider": "provider[\"registry.terraform.io/terraform-provider-openstack/openstack\"]",
      "instances": [
        {
          "schema_version": 0,
          "attributes": {
            "description": "",
            "direction": "ingress",
            "ethertype": "IPv4",
            "id": "cc8311d5-fc21-41a6-ae60-bacbc13829ab",
            "port_range_max": 0,
            "port_range_min": 0,
            "protocol": "tcp",
            "region": "dc3-a",
            "remote_group_id": "",
            "remote_ip_prefix": "10.0.1.0/24",
            "security_group_id": "a704608f-2ac9-43c6-9011-a9aa428aee99",
            "tenant_id": "dabc9df3dd9440908120728ce6fc3819",
            "timeouts": null
          },
          "sensitive_attributes": [],
          "private": "eyJlMmJmYjczMC1lY2FhLTExZTYtOGY4OC0zNDM2M2JjN2M0YzAiOnsiZGVsZXRlIjo2MDAwMDAwMDAwMDB9fQ==",
          "dependencies": [
            "openstack_networking_secgroup_v2.all_internal"
          ]
        }
      ]
    },
    {
      "mode": "managed",
      "type": "openstack_networking_secgroup_rule_v2",
      "name": "secgroup_all_internal_rule_udp_v4",
      "provider": "provider[\"registry.terraform.io/terraform-provider-openstack/openstack\"]",
      "instances": [
        {
          "schema_version": 0,
          "attributes": {
            "description": "",
            "direction": "ingress",
            "ethertype": "IPv4",
            "id": "b3565031-44e9-4e7c-b96c-20dc0d0b0ec2",
            "port_range_max": 0,
            "port_range_min": 0,
            "protocol": "udp",
            "region": "dc3-a",
            "remote_group_id": "",
            "remote_ip_prefix": "10.0.1.0/24",
            "security_group_id": "a704608f-2ac9-43c6-9011-a9aa428aee99",
            "tenant_id": "dabc9df3dd9440908120728ce6fc3819",
            "timeouts": null
          },
          "sensitive_attributes": [],
          "private": "eyJlMmJmYjczMC1lY2FhLTExZTYtOGY4OC0zNDM2M2JjN2M0YzAiOnsiZGVsZXRlIjo2MDAwMDAwMDAwMDB9fQ==",
          "dependencies": [
            "openstack_networking_secgroup_v2.all_internal"
          ]
        }
      ]
    },
    {
      "mode": "managed",
      "type": "openstack_networking_secgroup_rule_v2",
      "name": "secgroup_consul_dns_tcp",
      "provider": "provider[\"registry.terraform.io/terraform-provider-openstack/openstack\"]",
      "instances": [
        {
          "schema_version": 0,
          "attributes": {
            "description": "",
            "direction": "ingress",
            "ethertype": "IPv4",
            "id": "e72bf78c-ea13-4b96-8d55-000d1634f0c1",
            "port_range_max": 8600,
            "port_range_min": 8600,
            "protocol": "tcp",
            "region": "dc3-a",
            "remote_group_id": "",
            "remote_ip_prefix": "10.0.1.0/24",
            "security_group_id": "e2be787d-c4ad-4437-965c-575a326648da",
            "tenant_id": "dabc9df3dd9440908120728ce6fc3819",
            "timeouts": null
          },
          "sensitive_attributes": [],
          "private": "eyJlMmJmYjczMC1lY2FhLTExZTYtOGY4OC0zNDM2M2JjN2M0YzAiOnsiZGVsZXRlIjo2MDAwMDAwMDAwMDB9fQ==",
          "dependencies": [
            "openstack_networking_secgroup_v2.consul"
          ]
        }
      ]
    },
    {
      "mode": "managed",
      "type": "openstack_networking_secgroup_rule_v2",
      "name": "secgroup_consul_dns_udp",
      "provider": "provider[\"registry.terraform.io/terraform-provider-openstack/openstack\"]",
      "instances": [
        {
          "schema_version": 0,
          "attributes": {
            "description": "",
            "direction": "ingress",
            "ethertype": "IPv4",
            "id": "c249004d-3cca-4847-9ef2-630cb62b77fa",
            "port_range_max": 8600,
            "port_range_min": 8600,
            "protocol": "udp",
            "region": "dc3-a",
            "remote_group_id": "",
            "remote_ip_prefix": "10.0.1.0/24",
            "security_group_id": "e2be787d-c4ad-4437-965c-575a326648da",
            "tenant_id": "dabc9df3dd9440908120728ce6fc3819",
            "timeouts": null
          },
          "sensitive_attributes": [],
          "private": "eyJlMmJmYjczMC1lY2FhLTExZTYtOGY4OC0zNDM2M2JjN2M0YzAiOnsiZGVsZXRlIjo2MDAwMDAwMDAwMDB9fQ==",
          "dependencies": [
            "openstack_networking_secgroup_v2.consul"
          ]
        }
      ]
    },
    {
      "mode": "managed",
      "type": "openstack_networking_secgroup_rule_v2",
      "name": "secgroup_consul_http_grpc",
      "provider": "provider[\"registry.terraform.io/terraform-provider-openstack/openstack\"]",
      "instances": [
        {
          "schema_version": 0,
          "attributes": {
            "description": "",
            "direction": "ingress",
            "ethertype": "IPv4",
            "id": "ebe55c12-e17d-46da-a334-2a2c0df64be2",
            "port_range_max": 8503,
            "port_range_min": 8500,
            "protocol": "tcp",
            "region": "dc3-a",
            "remote_group_id": "",
            "remote_ip_prefix": "10.0.1.0/24",
            "security_group_id": "e2be787d-c4ad-4437-965c-575a326648da",
            "tenant_id": "dabc9df3dd9440908120728ce6fc3819",
            "timeouts": null
          },
          "sensitive_attributes": [],
          "private": "eyJlMmJmYjczMC1lY2FhLTExZTYtOGY4OC0zNDM2M2JjN2M0YzAiOnsiZGVsZXRlIjo2MDAwMDAwMDAwMDB9fQ==",
          "dependencies": [
            "openstack_networking_secgroup_v2.consul"
          ]
        }
      ]
    },
    {
      "mode": "managed",
      "type": "openstack_networking_secgroup_rule_v2",
      "name": "secgroup_consul_wlan_tcp",
      "provider": "provider[\"registry.terraform.io/terraform-provider-openstack/openstack\"]",
      "instances": [
        {
          "schema_version": 0,
          "attributes": {
            "description": "",
            "direction": "ingress",
            "ethertype": "IPv4",
            "id": "eacc1eb5-259a-48d4-92ee-74d99f71f4b5",
            "port_range_max": 8302,
            "port_range_min": 8300,
            "protocol": "tcp",
            "region": "dc3-a",
            "remote_group_id": "",
            "remote_ip_prefix": "10.0.1.0/24",
            "security_group_id": "e2be787d-c4ad-4437-965c-575a326648da",
            "tenant_id": "dabc9df3dd9440908120728ce6fc3819",
            "timeouts": null
          },
          "sensitive_attributes": [],
          "private": "eyJlMmJmYjczMC1lY2FhLTExZTYtOGY4OC0zNDM2M2JjN2M0YzAiOnsiZGVsZXRlIjo2MDAwMDAwMDAwMDB9fQ==",
          "dependencies": [
            "openstack_networking_secgroup_v2.consul"
          ]
        }
      ]
    },
    {
      "mode": "managed",
      "type": "openstack_networking_secgroup_rule_v2",
      "name": "secgroup_consul_wlan_udp",
      "provider": "provider[\"registry.terraform.io/terraform-provider-openstack/openstack\"]",
      "instances": [
        {
          "schema_version": 0,
          "attributes": {
            "description": "",
            "direction": "ingress",
            "ethertype": "IPv4",
            "id": "8c47798c-d397-4236-85f5-91e891acd416",
            "port_range_max": 8302,
            "port_range_min": 8300,
            "protocol": "udp",
            "region": "dc3-a",
            "remote_group_id": "",
            "remote_ip_prefix": "10.0.1.0/24",
            "security_group_id": "e2be787d-c4ad-4437-965c-575a326648da",
            "tenant_id": "dabc9df3dd9440908120728ce6fc3819",
            "timeouts": null
          },
          "sensitive_attributes": [],
          "private": "eyJlMmJmYjczMC1lY2FhLTExZTYtOGY4OC0zNDM2M2JjN2M0YzAiOnsiZGVsZXRlIjo2MDAwMDAwMDAwMDB9fQ==",
          "dependencies": [
            "openstack_networking_secgroup_v2.consul"
          ]
        }
      ]
    },
    {
      "mode": "managed",
      "type": "openstack_networking_secgroup_rule_v2",
      "name": "secgroup_openvpn_rule_udp_v4",
      "provider": "provider[\"registry.terraform.io/terraform-provider-openstack/openstack\"]",
      "instances": [
        {
          "schema_version": 0,
          "attributes": {
            "description": "",
            "direction": "ingress",
            "ethertype": "IPv4",
            "id": "84d1ec44-e91a-492c-bdf2-4b8bce71bb77",
            "port_range_max": 1194,
            "port_range_min": 1194,
            "protocol": "udp",
            "region": "dc3-a",
            "remote_group_id": "",
            "remote_ip_prefix": "0.0.0.0/0",
            "security_group_id": "2d047038-6902-4b6d-86f3-39adacbc3848",
            "tenant_id": "dabc9df3dd9440908120728ce6fc3819",
            "timeouts": null
          },
          "sensitive_attributes": [],
          "private": "eyJlMmJmYjczMC1lY2FhLTExZTYtOGY4OC0zNDM2M2JjN2M0YzAiOnsiZGVsZXRlIjo2MDAwMDAwMDAwMDB9fQ==",
          "dependencies": [
            "openstack_networking_secgroup_v2.openvpn"
          ]
        }
      ]
    },
    {
      "mode": "managed",
      "type": "openstack_networking_secgroup_rule_v2",
      "name": "secgroup_openvpn_rule_v4",
      "provider": "provider[\"registry.terraform.io/terraform-provider-openstack/openstack\"]",
      "instances": [
        {
          "schema_version": 0,
          "attributes": {
            "description": "",
            "direction": "ingress",
            "ethertype": "IPv4",
            "id": "e91a728d-783f-4b42-9280-66ff320dc595",
            "port_range_max": 1194,
            "port_range_min": 1194,
            "protocol": "tcp",
            "region": "dc3-a",
            "remote_group_id": "",
            "remote_ip_prefix": "0.0.0.0/0",
            "security_group_id": "2d047038-6902-4b6d-86f3-39adacbc3848",
            "tenant_id": "dabc9df3dd9440908120728ce6fc3819",
            "timeouts": null
          },
          "sensitive_attributes": [],
          "private": "eyJlMmJmYjczMC1lY2FhLTExZTYtOGY4OC0zNDM2M2JjN2M0YzAiOnsiZGVsZXRlIjo2MDAwMDAwMDAwMDB9fQ==",
          "dependencies": [
            "openstack_networking_secgroup_v2.openvpn"
          ]
        }
      ]
    },
    {
      "mode": "managed",
      "type": "openstack_networking_secgroup_rule_v2",
      "name": "secgroup_ssh-internal_rule_v4",
      "provider": "provider[\"registry.terraform.io/terraform-provider-openstack/openstack\"]",
      "instances": [
        {
          "schema_version": 0,
          "attributes": {
            "description": "",
            "direction": "ingress",
            "ethertype": "IPv4",
            "id": "a71a9e4f-38a9-47f7-8121-a26b69ed4343",
            "port_range_max": 22,
            "port_range_min": 22,
            "protocol": "tcp",
            "region": "dc3-a",
            "remote_group_id": "",
            "remote_ip_prefix": "10.0.1.0/24",
            "security_group_id": "df8eadf9-1400-434a-bd43-02324350a506",
            "tenant_id": "dabc9df3dd9440908120728ce6fc3819",
            "timeouts": null
          },
          "sensitive_attributes": [],
          "private": "eyJlMmJmYjczMC1lY2FhLTExZTYtOGY4OC0zNDM2M2JjN2M0YzAiOnsiZGVsZXRlIjo2MDAwMDAwMDAwMDB9fQ==",
          "dependencies": [
            "openstack_networking_secgroup_v2.ssh-internal"
          ]
        }
      ]
    },
    {
      "mode": "managed",
      "type": "openstack_networking_secgroup_rule_v2",
      "name": "secgroup_ssh_rule_v4",
      "provider": "provider[\"registry.terraform.io/terraform-provider-openstack/openstack\"]",
      "instances": [
        {
          "schema_version": 0,
          "attributes": {
            "description": "",
            "direction": "ingress",
            "ethertype": "IPv4",
            "id": "aed15db9-dedf-4a0f-a393-bf1daec44ce8",
            "port_range_max": 22,
            "port_range_min": 22,
            "protocol": "tcp",
            "region": "dc3-a",
            "remote_group_id": "",
            "remote_ip_prefix": "0.0.0.0/0",
            "security_group_id": "ee676cb4-c3aa-4b8e-98bb-0a2c861aaf68",
            "tenant_id": "dabc9df3dd9440908120728ce6fc3819",
            "timeouts": null
          },
          "sensitive_attributes": [],
          "private": "eyJlMmJmYjczMC1lY2FhLTExZTYtOGY4OC0zNDM2M2JjN2M0YzAiOnsiZGVsZXRlIjo2MDAwMDAwMDAwMDB9fQ==",
          "dependencies": [
            "openstack_networking_secgroup_v2.ssh"
          ]
        }
      ]
    },
    {
      "mode": "managed",
      "type": "openstack_networking_secgroup_v2",
      "name": "all_internal",
      "provider": "provider[\"registry.terraform.io/terraform-provider-openstack/openstack\"]",
      "instances": [
        {
          "schema_version": 0,
          "attributes": {
            "all_tags": [],
            "delete_default_rules": null,
            "description": "all_internal",
            "id": "a704608f-2ac9-43c6-9011-a9aa428aee99",
            "name": "all_internal",
            "region": "dc3-a",
            "tags": null,
            "tenant_id": "dabc9df3dd9440908120728ce6fc3819",
            "timeouts": null
          },
          "sensitive_attributes": [],
          "private": "eyJlMmJmYjczMC1lY2FhLTExZTYtOGY4OC0zNDM2M2JjN2M0YzAiOnsiZGVsZXRlIjo2MDAwMDAwMDAwMDB9fQ=="
        }
      ]
    },
    {
      "mode": "managed",
      "type": "openstack_networking_secgroup_v2",
      "name": "consul",
      "provider": "provider[\"registry.terraform.io/terraform-provider-openstack/openstack\"]",
      "instances": [
        {
          "schema_version": 0,
          "attributes": {
            "all_tags": [],
            "delete_default_rules": null,
            "description": "consul",
            "id": "e2be787d-c4ad-4437-965c-575a326648da",
            "name": "consul",
            "region": "dc3-a",
            "tags": null,
            "tenant_id": "dabc9df3dd9440908120728ce6fc3819",
            "timeouts": null
          },
          "sensitive_attributes": [],
          "private": "eyJlMmJmYjczMC1lY2FhLTExZTYtOGY4OC0zNDM2M2JjN2M0YzAiOnsiZGVsZXRlIjo2MDAwMDAwMDAwMDB9fQ=="
        }
      ]
    },
    {
      "mode": "managed",
      "type": "openstack_networking_secgroup_v2",
      "name": "openvpn",
      "provider": "provider[\"registry.terraform.io/terraform-provider-openstack/openstack\"]",
      "instances": [
        {
          "schema_version": 0,
          "attributes": {
            "all_tags": [],
            "delete_default_rules": null,
            "description": "openvpn",
            "id": "2d047038-6902-4b6d-86f3-39adacbc3848",
            "name": "openvpn",
            "region": "dc3-a",
            "tags": null,
            "tenant_id": "dabc9df3dd9440908120728ce6fc3819",
            "timeouts": null
          },
          "sensitive_attributes": [],
          "private": "eyJlMmJmYjczMC1lY2FhLTExZTYtOGY4OC0zNDM2M2JjN2M0YzAiOnsiZGVsZXRlIjo2MDAwMDAwMDAwMDB9fQ=="
        }
      ]
    },
    {
      "mode": "managed",
      "type": "openstack_networking_secgroup_v2",
      "name": "proxy",
      "provider": "provider[\"registry.terraform.io/terraform-provider-openstack/openstack\"]",
      "instances": [
        {
          "schema_version": 0,
          "attributes": {
            "all_tags": [],
            "delete_default_rules": null,
            "description": "proxy",
            "id": "34e10885-0a59-4754-bbc7-6ee0f37fa1da",
            "name": "proxy",
            "region": "dc3-a",
            "tags": null,
            "tenant_id": "dabc9df3dd9440908120728ce6fc3819",
            "timeouts": null
          },
          "sensitive_attributes": [],
          "private": "eyJlMmJmYjczMC1lY2FhLTExZTYtOGY4OC0zNDM2M2JjN2M0YzAiOnsiZGVsZXRlIjo2MDAwMDAwMDAwMDB9fQ=="
        }
      ]
    },
    {
      "mode": "managed",
      "type": "openstack_networking_secgroup_v2",
      "name": "ssh",
      "provider": "provider[\"registry.terraform.io/terraform-provider-openstack/openstack\"]",
      "instances": [
        {
          "schema_version": 0,
          "attributes": {
            "all_tags": [],
            "delete_default_rules": null,
            "description": "ssh-from-all",
            "id": "ee676cb4-c3aa-4b8e-98bb-0a2c861aaf68",
            "name": "ssh-from-all",
            "region": "dc3-a",
            "tags": null,
            "tenant_id": "dabc9df3dd9440908120728ce6fc3819",
            "timeouts": null
          },
          "sensitive_attributes": [],
          "private": "eyJlMmJmYjczMC1lY2FhLTExZTYtOGY4OC0zNDM2M2JjN2M0YzAiOnsiZGVsZXRlIjo2MDAwMDAwMDAwMDB9fQ=="
        }
      ]
    },
    {
      "mode": "managed",
      "type": "openstack_networking_secgroup_v2",
      "name": "ssh-internal",
      "provider": "provider[\"registry.terraform.io/terraform-provider-openstack/openstack\"]",
      "instances": [
        {
          "schema_version": 0,
          "attributes": {
            "all_tags": [],
            "delete_default_rules": null,
            "description": "ssh-internal",
            "id": "df8eadf9-1400-434a-bd43-02324350a506",
            "name": "ssh-internal",
            "region": "dc3-a",
            "tags": null,
            "tenant_id": "dabc9df3dd9440908120728ce6fc3819",
            "timeouts": null
          },
          "sensitive_attributes": [],
          "private": "eyJlMmJmYjczMC1lY2FhLTExZTYtOGY4OC0zNDM2M2JjN2M0YzAiOnsiZGVsZXRlIjo2MDAwMDAwMDAwMDB9fQ=="
        }
      ]
    },
    {
      "module": "module.network_dev",
      "mode": "managed",
      "type": "openstack_networking_network_v2",
      "name": "network_name",
      "provider": "provider[\"registry.terraform.io/terraform-provider-openstack/openstack\"]",
      "instances": [
        {
          "schema_version": 0,
          "attributes": {
            "admin_state_up": true,
            "all_tags": [],
            "availability_zone_hints": [],
            "description": "",
            "dns_domain": "",
            "external": false,
            "id": "c20a3192-4903-4255-aab3-67b01b557ec2",
            "mtu": 1500,
            "name": "internal_dev",
            "port_security_enabled": true,
            "qos_policy_id": "",
            "region": "dc3-a",
            "segments": [],
            "shared": false,
            "tags": null,
            "tenant_id": "dabc9df3dd9440908120728ce6fc3819",
            "timeouts": null,
            "transparent_vlan": false,
            "value_specs": null
          },
          "sensitive_attributes": [],
          "private": "eyJlMmJmYjczMC1lY2FhLTExZTYtOGY4OC0zNDM2M2JjN2M0YzAiOnsiY3JlYXRlIjo2MDAwMDAwMDAwMDAsImRlbGV0ZSI6NjAwMDAwMDAwMDAwfX0="
        }
      ]
    },
    {
      "module": "module.network_dev",
      "mode": "managed",
      "type": "openstack_networking_router_interface_v2",
      "name": "network_router_interface",
      "provider": "provider[\"registry.terraform.io/terraform-provider-openstack/openstack\"]",
      "instances": [
        {
          "schema_version": 0,
          "attributes": {
            "force_destroy": false,
            "id": "d42278dd-1d2b-4cd5-8579-e7b12a44b6ad",
            "port_id": "d42278dd-1d2b-4cd5-8579-e7b12a44b6ad",
            "region": "dc3-a",
            "router_id": "445c7953-2172-4046-b6c8-89d4b1b4a29e",
            "subnet_id": "f060dc3e-f98e-4222-8f10-4de394dc9410",
            "timeouts": null
          },
          "sensitive_attributes": [],
          "private": "eyJlMmJmYjczMC1lY2FhLTExZTYtOGY4OC0zNDM2M2JjN2M0YzAiOnsiY3JlYXRlIjo2MDAwMDAwMDAwMDAsImRlbGV0ZSI6NjAwMDAwMDAwMDAwfX0=",
          "dependencies": [
            "module.network_dev.openstack_networking_network_v2.network_name",
            "module.network_dev.openstack_networking_subnet_v2.network_subnet",
            "openstack_networking_router_v2.rt1"
          ]
        }
      ]
    },
    {
      "module": "module.network_dev",
      "mode": "managed",
      "type": "openstack_networking_subnet_v2",
      "name": "network_subnet",
      "provider": "provider[\"registry.terraform.io/terraform-provider-openstack/openstack\"]",
      "instances": [
        {
          "schema_version": 0,
          "attributes": {
            "all_tags": [],
            "allocation_pool": [
              {
                "end": "10.0.1.254",
                "start": "10.0.1.2"
              }
            ],
            "allocation_pools": [
              {
                "end": "10.0.1.254",
                "start": "10.0.1.2"
              }
            ],
            "cidr": "10.0.1.0/24",
            "description": "",
            "dns_nameservers": [
              "1.1.1.1",
              "8.8.8.8"
            ],
            "enable_dhcp": true,
            "gateway_ip": "10.0.1.1",
            "host_routes": [],
            "id": "f060dc3e-f98e-4222-8f10-4de394dc9410",
            "ip_version": 4,
            "ipv6_address_mode": "",
            "ipv6_ra_mode": "",
            "name": "internal_dev",
            "network_id": "c20a3192-4903-4255-aab3-67b01b557ec2",
            "no_gateway": false,
            "prefix_length": null,
            "region": "dc3-a",
            "service_types": [],
            "subnetpool_id": "",
            "tags": null,
            "tenant_id": "dabc9df3dd9440908120728ce6fc3819",
            "timeouts": null,
            "value_specs": null
          },
          "sensitive_attributes": [],
          "private": "eyJlMmJmYjczMC1lY2FhLTExZTYtOGY4OC0zNDM2M2JjN2M0YzAiOnsiY3JlYXRlIjo2MDAwMDAwMDAwMDAsImRlbGV0ZSI6NjAwMDAwMDAwMDAwfX0=",
          "dependencies": [
            "module.network_dev.openstack_networking_network_v2.network_name"
          ]
        }
      ]
    }
  ],
  "check_results": null
}
