{
  "version": 4,
  "terraform_version": "1.8.1",
  "serial": 32,
  "lineage": "9139a705-49a5-e5ee-e628-83b177fe3241",
  "outputs": {},
  "resources": [
    {
      "mode": "managed",
      "type": "null_resource",
      "name": "create_new_vpn_client",
      "provider": "provider[\"registry.terraform.io/hashicorp/null\"]",
      "instances": [
        {
          "index_key": "bdiaby",
          "schema_version": 0,
          "attributes": {
            "id": "2381549266159352638",
            "triggers": {
              "always_run": "2024-06-14T10:30:48Z",
              "name": "bdiaby"
            }
          },
          "sensitive_attributes": [],
          "dependencies": [
            "module.network_dev.openstack_networking_network_v2.network_name",
            "module.network_dev.openstack_networking_router_interface_v2.network_router_interface",
            "module.network_dev.openstack_networking_subnet_v2.network_subnet",
            "module.openvpn.data.openstack_networking_subnet_ids_v2.ext_subnets",
            "module.openvpn.data.template_file.userdata",
            "module.openvpn.openstack_blockstorage_volume_v2.volumes",
            "module.openvpn.openstack_compute_floatingip_associate_v2.fip_assoc_fixed",
            "module.openvpn.openstack_compute_floatingip_associate_v2.fip_assoc_random",
            "module.openvpn.openstack_compute_instance_v2.instance",
            "module.openvpn.openstack_compute_volume_attach_v2.attached",
            "module.openvpn.openstack_networking_floatingip_v2.floatip_1_random",
            "null_resource.openvpn_server",
            "openstack_compute_keypair_v2.ssh_public_key",
            "openstack_networking_router_v2.rt1",
            "openstack_networking_secgroup_rule_v2.secgroup_openvpn_rule_v4",
            "openstack_networking_secgroup_v2.openvpn",
            "openstack_networking_secgroup_v2.ssh"
          ]
        }
      ]
    },
    {
      "mode": "managed",
      "type": "null_resource",
      "name": "openvpn_server",
      "provider": "provider[\"registry.terraform.io/hashicorp/null\"]",
      "instances": [
        {
          "schema_version": 0,
          "attributes": {
            "id": "5860839915038464458",
            "triggers": {
              "always_run": "2024-06-14T10:28:27Z"
            }
          },
          "sensitive_attributes": [],
          "dependencies": [
            "module.network_dev.openstack_networking_network_v2.network_name",
            "module.network_dev.openstack_networking_router_interface_v2.network_router_interface",
            "module.network_dev.openstack_networking_subnet_v2.network_subnet",
            "module.openvpn.data.openstack_networking_subnet_ids_v2.ext_subnets",
            "module.openvpn.data.template_file.userdata",
            "module.openvpn.openstack_blockstorage_volume_v2.volumes",
            "module.openvpn.openstack_compute_floatingip_associate_v2.fip_assoc_fixed",
            "module.openvpn.openstack_compute_floatingip_associate_v2.fip_assoc_random",
            "module.openvpn.openstack_compute_instance_v2.instance",
            "module.openvpn.openstack_compute_volume_attach_v2.attached",
            "module.openvpn.openstack_networking_floatingip_v2.floatip_1_random",
            "openstack_compute_keypair_v2.ssh_public_key",
            "openstack_networking_router_v2.rt1",
            "openstack_networking_secgroup_rule_v2.secgroup_openvpn_rule_v4",
            "openstack_networking_secgroup_v2.openvpn",
            "openstack_networking_secgroup_v2.ssh"
          ]
        }
      ]
    },
    {
      "mode": "managed",
      "type": "openstack_compute_keypair_v2",
      "name": "ssh_public_key",
      "provider": "provider[\"registry.terraform.io/terraform-provider-openstack/openstack\"]",
      "instances": [
        {
          "schema_version": 0,
          "attributes": {
            "fingerprint": "71:85:e2:22:9b:8b:ed:4b:b9:b1:3a:d5:e7:26:38:75",
            "id": "default_key",
            "name": "default_key",
            "private_key": "",
            "public_key": "ssh-rsa AAAAB3NzaC1yc2EAAAADAQABAAABgQC04a8huQBpMDJBSm4Wgy04YH1lVsrmlRPCAtWYrAhJ7KNtPM5J697DkN+9omz9owMUNZsLu8PZPf4fQakF8NqI8M2u+iZPBBr1fzsHFFIxrkszP9OtZebaYfqfAgT+mgi8l+bk+B5bWJXzZ2fZJxDYykqsFzp/aFZ4OfDlmqHNK45O+tiu4ELWzH46S5plysY6SGEIeTrrrC35yN4I63jFPiRwaGTSHVXsrQ9v7i9IS2vp21aYD5ItYgTlut5QQ37C679cjU3ZyVPYu114FReIExOL9gy1u3XejRv8Icr98kVu2d2mBFHxMQUQeMMC6piRW2Gm/9w57JKyMQWm8zfLjuoWWR4uXAoOtI5bHBJnVDxK6+jCS6LjLmNPeF18pNnWYd0b9GfVRdpq5r20yQJHgsfrvaxrGFXcSEfiA8P3SU3PKS0uMXAsmgzYwGO7i2N8ZY5IwHat3Ou6maW3fRQAko+wYcTzZg7v4AnzHL1plPfkPnv6fFc8yj5nPMdH0Kk= bakar@DESKTOP-H8OG6RC",
            "region": "dc3-a",
            "user_id": "",
            "value_specs": null
          },
          "sensitive_attributes": [
            [
              {
                "type": "get_attr",
                "value": "private_key"
              }
            ]
          ],
          "private": "bnVsbA=="
        }
      ]
    },
    {
      "mode": "managed",
      "type": "openstack_networking_router_v2",
      "name": "rt1",
      "provider": "provider[\"registry.terraform.io/terraform-provider-openstack/openstack\"]",
      "instances": [
        {
          "schema_version": 0,
          "attributes": {
            "admin_state_up": true,
            "all_tags": [],
            "availability_zone_hints": [],
            "description": "",
            "distributed": false,
            "enable_snat": true,
            "external_fixed_ip": [
              {
                "ip_address": "195.15.196.188",
                "subnet_id": "5b11891c-91a8-493e-aea6-b076158621be"
              }
            ],
            "external_gateway": "0f9c3806-bd21-490f-918d-4a6d1c648489",
            "external_network_id": "0f9c3806-bd21-490f-918d-4a6d1c648489",
            "external_subnet_ids": null,
            "id": "1debf7bc-6ca9-4c9a-b561-8a0873314f85",
            "name": "rt1",
            "region": "dc3-a",
            "tags": null,
            "tenant_id": "dabc9df3dd9440908120728ce6fc3819",
            "timeouts": null,
            "value_specs": null,
            "vendor_options": []
          },
          "sensitive_attributes": [],
          "private": "eyJlMmJmYjczMC1lY2FhLTExZTYtOGY4OC0zNDM2M2JjN2M0YzAiOnsiY3JlYXRlIjo2MDAwMDAwMDAwMDAsImRlbGV0ZSI6NjAwMDAwMDAwMDAwfX0="
        }
      ]
    },
    {
      "mode": "managed",
      "type": "openstack_networking_secgroup_rule_v2",
      "name": "secgroup_all_internal_rule_http_v4",
      "provider": "provider[\"registry.terraform.io/terraform-provider-openstack/openstack\"]",
      "instances": [
        {
          "schema_version": 0,
          "attributes": {
            "description": "",
            "direction": "ingress",
            "ethertype": "IPv4",
            "id": "9f4c49de-dc1f-4b38-8c33-824cd6a3f659",
            "port_range_max": 80,
            "port_range_min": 80,
            "protocol": "tcp",
            "region": "dc3-a",
            "remote_group_id": "",
            "remote_ip_prefix": "10.0.1.0/24",
            "security_group_id": "32985a54-274b-47b3-9bde-3ac705deacc4",
            "tenant_id": "dabc9df3dd9440908120728ce6fc3819",
            "timeouts": null
          },
          "sensitive_attributes": [],
          "private": "eyJlMmJmYjczMC1lY2FhLTExZTYtOGY4OC0zNDM2M2JjN2M0YzAiOnsiZGVsZXRlIjo2MDAwMDAwMDAwMDB9fQ==",
          "dependencies": [
            "openstack_networking_secgroup_v2.proxy"
          ]
        }
      ]
    },
    {
      "mode": "managed",
      "type": "openstack_networking_secgroup_rule_v2",
      "name": "secgroup_all_internal_rule_https_v4",
      "provider": "provider[\"registry.terraform.io/terraform-provider-openstack/openstack\"]",
      "instances": [
        {
          "schema_version": 0,
          "attributes": {
            "description": "",
            "direction": "ingress",
            "ethertype": "IPv4",
            "id": "da47d37b-2cf5-4cd0-adee-0bfbe86a4959",
            "port_range_max": 443,
            "port_range_min": 443,
            "protocol": "tcp",
            "region": "dc3-a",
            "remote_group_id": "",
            "remote_ip_prefix": "10.0.1.0/24",
            "security_group_id": "32985a54-274b-47b3-9bde-3ac705deacc4",
            "tenant_id": "dabc9df3dd9440908120728ce6fc3819",
            "timeouts": null
          },
          "sensitive_attributes": [],
          "private": "eyJlMmJmYjczMC1lY2FhLTExZTYtOGY4OC0zNDM2M2JjN2M0YzAiOnsiZGVsZXRlIjo2MDAwMDAwMDAwMDB9fQ==",
          "dependencies": [
            "openstack_networking_secgroup_v2.proxy"
          ]
        }
      ]
    },
    {
      "mode": "managed",
      "type": "openstack_networking_secgroup_rule_v2",
      "name": "secgroup_all_internal_rule_tcp_v4",
      "provider": "provider[\"registry.terraform.io/terraform-provider-openstack/openstack\"]",
      "instances": [
        {
          "schema_version": 0,
          "attributes": {
            "description": "",
            "direction": "ingress",
            "ethertype": "IPv4",
            "id": "e3fbdfaf-052a-48a1-b411-22e9796fe3bb",
            "port_range_max": 0,
            "port_range_min": 0,
            "protocol": "tcp",
            "region": "dc3-a",
            "remote_group_id": "",
            "remote_ip_prefix": "10.0.1.0/24",
            "security_group_id": "fc656d15-2723-4a63-936f-f000106d2581",
            "tenant_id": "dabc9df3dd9440908120728ce6fc3819",
            "timeouts": null
          },
          "sensitive_attributes": [],
          "private": "eyJlMmJmYjczMC1lY2FhLTExZTYtOGY4OC0zNDM2M2JjN2M0YzAiOnsiZGVsZXRlIjo2MDAwMDAwMDAwMDB9fQ==",
          "dependencies": [
            "openstack_networking_secgroup_v2.all_internal"
          ]
        }
      ]
    },
    {
      "mode": "managed",
      "type": "openstack_networking_secgroup_rule_v2",
      "name": "secgroup_all_internal_rule_udp_v4",
      "provider": "provider[\"registry.terraform.io/terraform-provider-openstack/openstack\"]",
      "instances": [
        {
          "schema_version": 0,
          "attributes": {
            "description": "",
            "direction": "ingress",
            "ethertype": "IPv4",
            "id": "f007361f-bbd1-4e29-b50f-e586bb9eaf4f",
            "port_range_max": 0,
            "port_range_min": 0,
            "protocol": "udp",
            "region": "dc3-a",
            "remote_group_id": "",
            "remote_ip_prefix": "10.0.1.0/24",
            "security_group_id": "fc656d15-2723-4a63-936f-f000106d2581",
            "tenant_id": "dabc9df3dd9440908120728ce6fc3819",
            "timeouts": null
          },
          "sensitive_attributes": [],
          "private": "eyJlMmJmYjczMC1lY2FhLTExZTYtOGY4OC0zNDM2M2JjN2M0YzAiOnsiZGVsZXRlIjo2MDAwMDAwMDAwMDB9fQ==",
          "dependencies": [
            "openstack_networking_secgroup_v2.all_internal"
          ]
        }
      ]
    },
    {
      "mode": "managed",
      "type": "openstack_networking_secgroup_rule_v2",
      "name": "secgroup_consul_dns_tcp",
      "provider": "provider[\"registry.terraform.io/terraform-provider-openstack/openstack\"]",
      "instances": [
        {
          "schema_version": 0,
          "attributes": {
            "description": "",
            "direction": "ingress",
            "ethertype": "IPv4",
            "id": "37ddcbc3-58bb-4b37-9301-25727051d712",
            "port_range_max": 8600,
            "port_range_min": 8600,
            "protocol": "tcp",
            "region": "dc3-a",
            "remote_group_id": "",
            "remote_ip_prefix": "10.0.1.0/24",
            "security_group_id": "76f56b78-0d2c-4296-85ec-00178403a74f",
            "tenant_id": "dabc9df3dd9440908120728ce6fc3819",
            "timeouts": null
          },
          "sensitive_attributes": [],
          "private": "eyJlMmJmYjczMC1lY2FhLTExZTYtOGY4OC0zNDM2M2JjN2M0YzAiOnsiZGVsZXRlIjo2MDAwMDAwMDAwMDB9fQ==",
          "dependencies": [
            "openstack_networking_secgroup_v2.consul"
          ]
        }
      ]
    },
    {
      "mode": "managed",
      "type": "openstack_networking_secgroup_rule_v2",
      "name": "secgroup_consul_dns_udp",
      "provider": "provider[\"registry.terraform.io/terraform-provider-openstack/openstack\"]",
      "instances": [
        {
          "schema_version": 0,
          "attributes": {
            "description": "",
            "direction": "ingress",
            "ethertype": "IPv4",
            "id": "69fbf802-269f-460f-ba94-75e104e16263",
            "port_range_max": 8600,
            "port_range_min": 8600,
            "protocol": "udp",
            "region": "dc3-a",
            "remote_group_id": "",
            "remote_ip_prefix": "10.0.1.0/24",
            "security_group_id": "76f56b78-0d2c-4296-85ec-00178403a74f",
            "tenant_id": "dabc9df3dd9440908120728ce6fc3819",
            "timeouts": null
          },
          "sensitive_attributes": [],
          "private": "eyJlMmJmYjczMC1lY2FhLTExZTYtOGY4OC0zNDM2M2JjN2M0YzAiOnsiZGVsZXRlIjo2MDAwMDAwMDAwMDB9fQ==",
          "dependencies": [
            "openstack_networking_secgroup_v2.consul"
          ]
        }
      ]
    },
    {
      "mode": "managed",
      "type": "openstack_networking_secgroup_rule_v2",
      "name": "secgroup_consul_http_grpc",
      "provider": "provider[\"registry.terraform.io/terraform-provider-openstack/openstack\"]",
      "instances": [
        {
          "schema_version": 0,
          "attributes": {
            "description": "",
            "direction": "ingress",
            "ethertype": "IPv4",
            "id": "352922b3-41f1-4f21-a567-efb466a4d4c8",
            "port_range_max": 8503,
            "port_range_min": 8500,
            "protocol": "tcp",
            "region": "dc3-a",
            "remote_group_id": "",
            "remote_ip_prefix": "10.0.1.0/24",
            "security_group_id": "76f56b78-0d2c-4296-85ec-00178403a74f",
            "tenant_id": "dabc9df3dd9440908120728ce6fc3819",
            "timeouts": null
          },
          "sensitive_attributes": [],
          "private": "eyJlMmJmYjczMC1lY2FhLTExZTYtOGY4OC0zNDM2M2JjN2M0YzAiOnsiZGVsZXRlIjo2MDAwMDAwMDAwMDB9fQ==",
          "dependencies": [
            "openstack_networking_secgroup_v2.consul"
          ]
        }
      ]
    },
    {
      "mode": "managed",
      "type": "openstack_networking_secgroup_rule_v2",
      "name": "secgroup_consul_wlan_tcp",
      "provider": "provider[\"registry.terraform.io/terraform-provider-openstack/openstack\"]",
      "instances": [
        {
          "schema_version": 0,
          "attributes": {
            "description": "",
            "direction": "ingress",
            "ethertype": "IPv4",
            "id": "bf2b796f-2725-430d-b719-25783935ae56",
            "port_range_max": 8302,
            "port_range_min": 8300,
            "protocol": "tcp",
            "region": "dc3-a",
            "remote_group_id": "",
            "remote_ip_prefix": "10.0.1.0/24",
            "security_group_id": "76f56b78-0d2c-4296-85ec-00178403a74f",
            "tenant_id": "dabc9df3dd9440908120728ce6fc3819",
            "timeouts": null
          },
          "sensitive_attributes": [],
          "private": "eyJlMmJmYjczMC1lY2FhLTExZTYtOGY4OC0zNDM2M2JjN2M0YzAiOnsiZGVsZXRlIjo2MDAwMDAwMDAwMDB9fQ==",
          "dependencies": [
            "openstack_networking_secgroup_v2.consul"
          ]
        }
      ]
    },
    {
      "mode": "managed",
      "type": "openstack_networking_secgroup_rule_v2",
      "name": "secgroup_consul_wlan_udp",
      "provider": "provider[\"registry.terraform.io/terraform-provider-openstack/openstack\"]",
      "instances": [
        {
          "schema_version": 0,
          "attributes": {
            "description": "",
            "direction": "ingress",
            "ethertype": "IPv4",
            "id": "61b78ec4-1207-4020-8547-7a3ee9b1e100",
            "port_range_max": 8302,
            "port_range_min": 8300,
            "protocol": "udp",
            "region": "dc3-a",
            "remote_group_id": "",
            "remote_ip_prefix": "10.0.1.0/24",
            "security_group_id": "76f56b78-0d2c-4296-85ec-00178403a74f",
            "tenant_id": "dabc9df3dd9440908120728ce6fc3819",
            "timeouts": null
          },
          "sensitive_attributes": [],
          "private": "eyJlMmJmYjczMC1lY2FhLTExZTYtOGY4OC0zNDM2M2JjN2M0YzAiOnsiZGVsZXRlIjo2MDAwMDAwMDAwMDB9fQ==",
          "dependencies": [
            "openstack_networking_secgroup_v2.consul"
          ]
        }
      ]
    },
    {
      "mode": "managed",
      "type": "openstack_networking_secgroup_rule_v2",
      "name": "secgroup_openvpn_rule_udp_v4",
      "provider": "provider[\"registry.terraform.io/terraform-provider-openstack/openstack\"]",
      "instances": [
        {
          "schema_version": 0,
          "attributes": {
            "description": "",
            "direction": "ingress",
            "ethertype": "IPv4",
            "id": "40507615-25c2-4389-9623-6fdae2f4eb1a",
            "port_range_max": 1194,
            "port_range_min": 1194,
            "protocol": "udp",
            "region": "dc3-a",
            "remote_group_id": "",
            "remote_ip_prefix": "0.0.0.0/0",
            "security_group_id": "aeb1a250-6ce4-4b5e-8b27-686e96a37161",
            "tenant_id": "dabc9df3dd9440908120728ce6fc3819",
            "timeouts": null
          },
          "sensitive_attributes": [],
          "private": "eyJlMmJmYjczMC1lY2FhLTExZTYtOGY4OC0zNDM2M2JjN2M0YzAiOnsiZGVsZXRlIjo2MDAwMDAwMDAwMDB9fQ==",
          "dependencies": [
            "openstack_networking_secgroup_v2.openvpn"
          ]
        }
      ]
    },
    {
      "mode": "managed",
      "type": "openstack_networking_secgroup_rule_v2",
      "name": "secgroup_openvpn_rule_v4",
      "provider": "provider[\"registry.terraform.io/terraform-provider-openstack/openstack\"]",
      "instances": [
        {
          "schema_version": 0,
          "attributes": {
            "description": "",
            "direction": "ingress",
            "ethertype": "IPv4",
            "id": "13173624-08ad-42ff-8b67-78cc407b6854",
            "port_range_max": 1194,
            "port_range_min": 1194,
            "protocol": "tcp",
            "region": "dc3-a",
            "remote_group_id": "",
            "remote_ip_prefix": "0.0.0.0/0",
            "security_group_id": "aeb1a250-6ce4-4b5e-8b27-686e96a37161",
            "tenant_id": "dabc9df3dd9440908120728ce6fc3819",
            "timeouts": null
          },
          "sensitive_attributes": [],
          "private": "eyJlMmJmYjczMC1lY2FhLTExZTYtOGY4OC0zNDM2M2JjN2M0YzAiOnsiZGVsZXRlIjo2MDAwMDAwMDAwMDB9fQ==",
          "dependencies": [
            "openstack_networking_secgroup_v2.openvpn"
          ]
        }
      ]
    },
    {
      "mode": "managed",
      "type": "openstack_networking_secgroup_rule_v2",
      "name": "secgroup_ssh-internal_rule_v4",
      "provider": "provider[\"registry.terraform.io/terraform-provider-openstack/openstack\"]",
      "instances": [
        {
          "schema_version": 0,
          "attributes": {
            "description": "",
            "direction": "ingress",
            "ethertype": "IPv4",
            "id": "c0f97b7d-9ea9-4f71-b2c2-a8032aff3bff",
            "port_range_max": 22,
            "port_range_min": 22,
            "protocol": "tcp",
            "region": "dc3-a",
            "remote_group_id": "",
            "remote_ip_prefix": "10.0.1.0/24",
            "security_group_id": "cc1ab96e-36e1-4650-9b58-dc1eb7c6c043",
            "tenant_id": "dabc9df3dd9440908120728ce6fc3819",
            "timeouts": null
          },
          "sensitive_attributes": [],
          "private": "eyJlMmJmYjczMC1lY2FhLTExZTYtOGY4OC0zNDM2M2JjN2M0YzAiOnsiZGVsZXRlIjo2MDAwMDAwMDAwMDB9fQ==",
          "dependencies": [
            "openstack_networking_secgroup_v2.ssh-internal"
          ]
        }
      ]
    },
    {
      "mode": "managed",
      "type": "openstack_networking_secgroup_rule_v2",
      "name": "secgroup_ssh_rule_v4",
      "provider": "provider[\"registry.terraform.io/terraform-provider-openstack/openstack\"]",
      "instances": [
        {
          "schema_version": 0,
          "attributes": {
            "description": "",
            "direction": "ingress",
            "ethertype": "IPv4",
            "id": "5fcda1df-52ef-4259-9167-3febc621b3e0",
            "port_range_max": 22,
            "port_range_min": 22,
            "protocol": "tcp",
            "region": "dc3-a",
            "remote_group_id": "",
            "remote_ip_prefix": "0.0.0.0/0",
            "security_group_id": "0c91b86b-2123-4dee-8bbc-d3dfef1fce64",
            "tenant_id": "dabc9df3dd9440908120728ce6fc3819",
            "timeouts": null
          },
          "sensitive_attributes": [],
          "private": "eyJlMmJmYjczMC1lY2FhLTExZTYtOGY4OC0zNDM2M2JjN2M0YzAiOnsiZGVsZXRlIjo2MDAwMDAwMDAwMDB9fQ==",
          "dependencies": [
            "openstack_networking_secgroup_v2.ssh"
          ]
        }
      ]
    },
    {
      "mode": "managed",
      "type": "openstack_networking_secgroup_v2",
      "name": "all_internal",
      "provider": "provider[\"registry.terraform.io/terraform-provider-openstack/openstack\"]",
      "instances": [
        {
          "schema_version": 0,
          "attributes": {
            "all_tags": [],
            "delete_default_rules": null,
            "description": "all_internal",
            "id": "fc656d15-2723-4a63-936f-f000106d2581",
            "name": "all_internal",
            "region": "dc3-a",
            "tags": null,
            "tenant_id": "dabc9df3dd9440908120728ce6fc3819",
            "timeouts": null
          },
          "sensitive_attributes": [],
          "private": "eyJlMmJmYjczMC1lY2FhLTExZTYtOGY4OC0zNDM2M2JjN2M0YzAiOnsiZGVsZXRlIjo2MDAwMDAwMDAwMDB9fQ=="
        }
      ]
    },
    {
      "mode": "managed",
      "type": "openstack_networking_secgroup_v2",
      "name": "consul",
      "provider": "provider[\"registry.terraform.io/terraform-provider-openstack/openstack\"]",
      "instances": [
        {
          "schema_version": 0,
          "attributes": {
            "all_tags": [],
            "delete_default_rules": null,
            "description": "consul",
            "id": "76f56b78-0d2c-4296-85ec-00178403a74f",
            "name": "consul",
            "region": "dc3-a",
            "tags": null,
            "tenant_id": "dabc9df3dd9440908120728ce6fc3819",
            "timeouts": null
          },
          "sensitive_attributes": [],
          "private": "eyJlMmJmYjczMC1lY2FhLTExZTYtOGY4OC0zNDM2M2JjN2M0YzAiOnsiZGVsZXRlIjo2MDAwMDAwMDAwMDB9fQ=="
        }
      ]
    },
    {
      "mode": "managed",
      "type": "openstack_networking_secgroup_v2",
      "name": "openvpn",
      "provider": "provider[\"registry.terraform.io/terraform-provider-openstack/openstack\"]",
      "instances": [
        {
          "schema_version": 0,
          "attributes": {
            "all_tags": [],
            "delete_default_rules": null,
            "description": "openvpn",
            "id": "aeb1a250-6ce4-4b5e-8b27-686e96a37161",
            "name": "openvpn",
            "region": "dc3-a",
            "tags": null,
            "tenant_id": "dabc9df3dd9440908120728ce6fc3819",
            "timeouts": null
          },
          "sensitive_attributes": [],
          "private": "eyJlMmJmYjczMC1lY2FhLTExZTYtOGY4OC0zNDM2M2JjN2M0YzAiOnsiZGVsZXRlIjo2MDAwMDAwMDAwMDB9fQ=="
        }
      ]
    },
    {
      "mode": "managed",
      "type": "openstack_networking_secgroup_v2",
      "name": "proxy",
      "provider": "provider[\"registry.terraform.io/terraform-provider-openstack/openstack\"]",
      "instances": [
        {
          "schema_version": 0,
          "attributes": {
            "all_tags": [],
            "delete_default_rules": null,
            "description": "proxy",
            "id": "32985a54-274b-47b3-9bde-3ac705deacc4",
            "name": "proxy",
            "region": "dc3-a",
            "tags": null,
            "tenant_id": "dabc9df3dd9440908120728ce6fc3819",
            "timeouts": null
          },
          "sensitive_attributes": [],
          "private": "eyJlMmJmYjczMC1lY2FhLTExZTYtOGY4OC0zNDM2M2JjN2M0YzAiOnsiZGVsZXRlIjo2MDAwMDAwMDAwMDB9fQ=="
        }
      ]
    },
    {
      "mode": "managed",
      "type": "openstack_networking_secgroup_v2",
      "name": "ssh",
      "provider": "provider[\"registry.terraform.io/terraform-provider-openstack/openstack\"]",
      "instances": [
        {
          "schema_version": 0,
          "attributes": {
            "all_tags": [],
            "delete_default_rules": null,
            "description": "ssh-from-all",
            "id": "0c91b86b-2123-4dee-8bbc-d3dfef1fce64",
            "name": "ssh-from-all",
            "region": "dc3-a",
            "tags": null,
            "tenant_id": "dabc9df3dd9440908120728ce6fc3819",
            "timeouts": null
          },
          "sensitive_attributes": [],
          "private": "eyJlMmJmYjczMC1lY2FhLTExZTYtOGY4OC0zNDM2M2JjN2M0YzAiOnsiZGVsZXRlIjo2MDAwMDAwMDAwMDB9fQ=="
        }
      ]
    },
    {
      "mode": "managed",
      "type": "openstack_networking_secgroup_v2",
      "name": "ssh-internal",
      "provider": "provider[\"registry.terraform.io/terraform-provider-openstack/openstack\"]",
      "instances": [
        {
          "schema_version": 0,
          "attributes": {
            "all_tags": [],
            "delete_default_rules": null,
            "description": "ssh-internal",
            "id": "cc1ab96e-36e1-4650-9b58-dc1eb7c6c043",
            "name": "ssh-internal",
            "region": "dc3-a",
            "tags": null,
            "tenant_id": "dabc9df3dd9440908120728ce6fc3819",
            "timeouts": null
          },
          "sensitive_attributes": [],
          "private": "eyJlMmJmYjczMC1lY2FhLTExZTYtOGY4OC0zNDM2M2JjN2M0YzAiOnsiZGVsZXRlIjo2MDAwMDAwMDAwMDB9fQ=="
        }
      ]
    },
    {
      "module": "module.network_dev",
      "mode": "managed",
      "type": "openstack_networking_network_v2",
      "name": "network_name",
      "provider": "provider[\"registry.terraform.io/terraform-provider-openstack/openstack\"]",
      "instances": [
        {
          "schema_version": 0,
          "attributes": {
            "admin_state_up": true,
            "all_tags": [],
            "availability_zone_hints": [],
            "description": "",
            "dns_domain": "",
            "external": false,
            "id": "54ea2c33-391a-42f1-8854-3f0bc170e0f2",
            "mtu": 1500,
            "name": "internal_dev",
            "port_security_enabled": true,
            "qos_policy_id": "",
            "region": "dc3-a",
            "segments": [],
            "shared": false,
            "tags": null,
            "tenant_id": "dabc9df3dd9440908120728ce6fc3819",
            "timeouts": null,
            "transparent_vlan": false,
            "value_specs": null
          },
          "sensitive_attributes": [],
          "private": "eyJlMmJmYjczMC1lY2FhLTExZTYtOGY4OC0zNDM2M2JjN2M0YzAiOnsiY3JlYXRlIjo2MDAwMDAwMDAwMDAsImRlbGV0ZSI6NjAwMDAwMDAwMDAwfX0="
        }
      ]
    },
    {
      "module": "module.network_dev",
      "mode": "managed",
      "type": "openstack_networking_router_interface_v2",
      "name": "network_router_interface",
      "provider": "provider[\"registry.terraform.io/terraform-provider-openstack/openstack\"]",
      "instances": [
        {
          "schema_version": 0,
          "attributes": {
            "force_destroy": false,
            "id": "e6d977b2-4a53-444d-a293-74ef49629623",
            "port_id": "e6d977b2-4a53-444d-a293-74ef49629623",
            "region": "dc3-a",
            "router_id": "1debf7bc-6ca9-4c9a-b561-8a0873314f85",
            "subnet_id": "c2d431f3-aa7b-471f-b5ff-763357d56b90",
            "timeouts": null
          },
          "sensitive_attributes": [],
          "private": "eyJlMmJmYjczMC1lY2FhLTExZTYtOGY4OC0zNDM2M2JjN2M0YzAiOnsiY3JlYXRlIjo2MDAwMDAwMDAwMDAsImRlbGV0ZSI6NjAwMDAwMDAwMDAwfX0=",
          "dependencies": [
            "module.network_dev.openstack_networking_network_v2.network_name",
            "module.network_dev.openstack_networking_subnet_v2.network_subnet",
            "openstack_networking_router_v2.rt1"
          ]
        }
      ]
    },
    {
      "module": "module.network_dev",
      "mode": "managed",
      "type": "openstack_networking_subnet_v2",
      "name": "network_subnet",
      "provider": "provider[\"registry.terraform.io/terraform-provider-openstack/openstack\"]",
      "instances": [
        {
          "schema_version": 0,
          "attributes": {
            "all_tags": [],
            "allocation_pool": [
              {
                "end": "10.0.1.254",
                "start": "10.0.1.2"
              }
            ],
            "allocation_pools": [
              {
                "end": "10.0.1.254",
                "start": "10.0.1.2"
              }
            ],
            "cidr": "10.0.1.0/24",
            "description": "",
            "dns_nameservers": [
              "1.1.1.1",
              "8.8.8.8"
            ],
            "enable_dhcp": true,
            "gateway_ip": "10.0.1.1",
            "host_routes": [],
            "id": "c2d431f3-aa7b-471f-b5ff-763357d56b90",
            "ip_version": 4,
            "ipv6_address_mode": "",
            "ipv6_ra_mode": "",
            "name": "internal_dev",
            "network_id": "54ea2c33-391a-42f1-8854-3f0bc170e0f2",
            "no_gateway": false,
            "prefix_length": null,
            "region": "dc3-a",
            "service_types": [],
            "subnetpool_id": "",
            "tags": null,
            "tenant_id": "dabc9df3dd9440908120728ce6fc3819",
            "timeouts": null,
            "value_specs": null
          },
          "sensitive_attributes": [],
          "private": "eyJlMmJmYjczMC1lY2FhLTExZTYtOGY4OC0zNDM2M2JjN2M0YzAiOnsiY3JlYXRlIjo2MDAwMDAwMDAwMDAsImRlbGV0ZSI6NjAwMDAwMDAwMDAwfX0=",
          "dependencies": [
            "module.network_dev.openstack_networking_network_v2.network_name"
          ]
        }
      ]
    },
    {
      "module": "module.openvpn",
      "mode": "data",
      "type": "openstack_networking_subnet_ids_v2",
      "name": "ext_subnets",
      "provider": "provider[\"registry.terraform.io/terraform-provider-openstack/openstack\"]",
      "instances": [
        {
          "index_key": 0,
          "schema_version": 0,
          "attributes": {
            "cidr": null,
            "description": null,
            "dhcp_enabled": null,
            "gateway_ip": null,
            "id": "0",
            "ids": [],
            "ip_version": null,
            "ipv6_address_mode": null,
            "ipv6_ra_mode": null,
            "name": null,
            "name_regex": null,
            "network_id": "0f9c3806-bd21-490f-918d-4a6d1c648489",
            "region": "dc3-a",
            "sort_direction": null,
            "sort_key": null,
            "subnetpool_id": null,
            "tags": null,
            "tenant_id": null
          },
          "sensitive_attributes": []
        }
      ]
    },
    {
      "module": "module.openvpn",
      "mode": "data",
      "type": "template_file",
      "name": "userdata",
      "provider": "provider[\"registry.terraform.io/hashicorp/template\"]",
      "instances": [
        {
          "schema_version": 0,
          "attributes": {
            "filename": null,
            "id": "04b2f24af1ddc2b037e5fc78d4cb10e112acbb2f3d7e81d08872bbe01816ce08",
            "rendered": "#cloud-config\nusers:\n  - default\n  - name: baki\n    primary_group: baki\n    groups: [sudo,adm]\n    sudo: ALL=(ALL) NOPASSWD:ALL\n    groups: sudo\n    shell: /bin/bash\n    lock_passwd: true\n    ssh-authorized-keys: \n    - ssh-rsa AAAAB3NzaC1yc2EAAAADAQABAAABgQC04a8huQBpMDJBSm4Wgy04YH1lVsrmlRPCAtWYrAhJ7KNtPM5J697DkN+9omz9owMUNZsLu8PZPf4fQakF8NqI8M2u+iZPBBr1fzsHFFIxrkszP9OtZebaYfqfAgT+mgi8l+bk+B5bWJXzZ2fZJxDYykqsFzp/aFZ4OfDlmqHNK45O+tiu4ELWzH46S5plysY6SGEIeTrrrC35yN4I63jFPiRwaGTSHVXsrQ9v7i9IS2vp21aYD5ItYgTlut5QQ37C679cjU3ZyVPYu114FReIExOL9gy1u3XejRv8Icr98kVu2d2mBFHxMQUQeMMC6piRW2Gm/9w57JKyMQWm8zfLjuoWWR4uXAoOtI5bHBJnVDxK6+jCS6LjLmNPeF18pNnWYd0b9GfVRdpq5r20yQJHgsfrvaxrGFXcSEfiA8P3SU3PKS0uMXAsmgzYwGO7i2N8ZY5IwHat3Ou6maW3fRQAko+wYcTzZg7v4AnzHL1plPfkPnv6fFc8yj5nPMdH0Kk= bakar@DESKTOP-H8OG6RC\n",
            "template": "#cloud-config\nusers:\n  - default\n  - name: baki\n    primary_group: baki\n    groups: [sudo,adm]\n    sudo: ALL=(ALL) NOPASSWD:ALL\n    groups: sudo\n    shell: /bin/bash\n    lock_passwd: true\n    ssh-authorized-keys: \n    - ssh-rsa AAAAB3NzaC1yc2EAAAADAQABAAABgQC04a8huQBpMDJBSm4Wgy04YH1lVsrmlRPCAtWYrAhJ7KNtPM5J697DkN+9omz9owMUNZsLu8PZPf4fQakF8NqI8M2u+iZPBBr1fzsHFFIxrkszP9OtZebaYfqfAgT+mgi8l+bk+B5bWJXzZ2fZJxDYykqsFzp/aFZ4OfDlmqHNK45O+tiu4ELWzH46S5plysY6SGEIeTrrrC35yN4I63jFPiRwaGTSHVXsrQ9v7i9IS2vp21aYD5ItYgTlut5QQ37C679cjU3ZyVPYu114FReIExOL9gy1u3XejRv8Icr98kVu2d2mBFHxMQUQeMMC6piRW2Gm/9w57JKyMQWm8zfLjuoWWR4uXAoOtI5bHBJnVDxK6+jCS6LjLmNPeF18pNnWYd0b9GfVRdpq5r20yQJHgsfrvaxrGFXcSEfiA8P3SU3PKS0uMXAsmgzYwGO7i2N8ZY5IwHat3Ou6maW3fRQAko+wYcTzZg7v4AnzHL1plPfkPnv6fFc8yj5nPMdH0Kk= bakar@DESKTOP-H8OG6RC\n",
            "vars": null
          },
          "sensitive_attributes": []
        }
      ]
    },
    {
      "module": "module.openvpn",
      "mode": "managed",
      "type": "openstack_compute_floatingip_associate_v2",
      "name": "fip_assoc_random",
      "provider": "provider[\"registry.terraform.io/terraform-provider-openstack/openstack\"]",
      "instances": [
        {
          "index_key": 0,
          "schema_version": 0,
          "attributes": {
            "fixed_ip": "",
            "floating_ip": "195.15.196.29",
            "id": "195.15.196.29/b7373bd2-4f3a-4108-be66-6faf89aaad15/",
            "instance_id": "b7373bd2-4f3a-4108-be66-6faf89aaad15",
            "region": "dc3-a",
            "timeouts": null,
            "wait_until_associated": null
          },
          "sensitive_attributes": [],
          "private": "eyJlMmJmYjczMC1lY2FhLTExZTYtOGY4OC0zNDM2M2JjN2M0YzAiOnsiY3JlYXRlIjo2MDAwMDAwMDAwMDB9fQ==",
          "dependencies": [
            "module.network_dev.openstack_networking_network_v2.network_name",
            "module.network_dev.openstack_networking_router_interface_v2.network_router_interface",
            "module.network_dev.openstack_networking_subnet_v2.network_subnet",
            "module.openvpn.data.openstack_networking_subnet_ids_v2.ext_subnets",
            "module.openvpn.data.template_file.userdata",
            "module.openvpn.openstack_compute_instance_v2.instance",
            "module.openvpn.openstack_networking_floatingip_v2.floatip_1_random",
            "openstack_compute_keypair_v2.ssh_public_key",
            "openstack_networking_router_v2.rt1",
            "openstack_networking_secgroup_rule_v2.secgroup_openvpn_rule_v4",
            "openstack_networking_secgroup_v2.openvpn",
            "openstack_networking_secgroup_v2.ssh"
          ]
        }
      ]
    },
    {
      "module": "module.openvpn",
      "mode": "managed",
      "type": "openstack_compute_instance_v2",
      "name": "instance",
      "provider": "provider[\"registry.terraform.io/terraform-provider-openstack/openstack\"]",
      "instances": [
        {
          "index_key": 0,
          "schema_version": 0,
          "attributes": {
            "access_ip_v4": "10.0.1.116",
            "access_ip_v6": "",
            "admin_pass": null,
            "all_metadata": {
              "environment": "dev"
            },
            "all_tags": [],
            "availability_zone": "dc3-a-10",
            "availability_zone_hints": null,
            "block_device": [],
            "config_drive": null,
            "created": "2024-06-14 10:28:08 +0000 UTC",
            "flavor_id": "21aad244-a330-4e79-ba80-4c057cf742f9",
            "flavor_name": "a1-ram2-disk20-perf1",
            "floating_ip": null,
            "force_delete": false,
            "id": "b7373bd2-4f3a-4108-be66-6faf89aaad15",
            "image_id": "cdf81c97-4873-473b-b0a3-f407ce837255",
            "image_name": "Debian 12 bookworm",
            "key_pair": "default_key",
            "metadata": {
              "environment": "dev"
            },
            "name": "openvpn1",
            "network": [
              {
                "access_network": false,
                "fixed_ip_v4": "10.0.1.116",
                "fixed_ip_v6": "",
                "floating_ip": "",
                "mac": "fa:16:3e:da:03:a8",
                "name": "internal_dev",
                "port": "",
                "uuid": "54ea2c33-391a-42f1-8854-3f0bc170e0f2"
              }
            ],
            "network_mode": null,
            "personality": [],
            "power_state": "active",
            "region": "dc3-a",
            "scheduler_hints": [],
            "security_groups": [
              "default",
              "openvpn",
              "ssh-from-all"
            ],
            "stop_before_destroy": false,
            "tags": null,
            "timeouts": null,
            "updated": "2024-06-14 10:28:20 +0000 UTC",
            "user_data": "a9910e8d6f24e5d139e06fa3cb4f569b37466630",
            "vendor_options": [],
            "volume": []
          },
          "sensitive_attributes": [
            [
              {
                "type": "get_attr",
                "value": "admin_pass"
              }
            ]
          ],
          "private": "eyJlMmJmYjczMC1lY2FhLTExZTYtOGY4OC0zNDM2M2JjN2M0YzAiOnsiY3JlYXRlIjoxODAwMDAwMDAwMDAwLCJkZWxldGUiOjE4MDAwMDAwMDAwMDAsInVwZGF0ZSI6MTgwMDAwMDAwMDAwMH19",
          "dependencies": [
            "module.network_dev.openstack_networking_network_v2.network_name",
            "module.network_dev.openstack_networking_router_interface_v2.network_router_interface",
            "module.network_dev.openstack_networking_subnet_v2.network_subnet",
            "module.openvpn.data.template_file.userdata",
            "openstack_compute_keypair_v2.ssh_public_key",
            "openstack_networking_router_v2.rt1",
            "openstack_networking_secgroup_rule_v2.secgroup_openvpn_rule_v4",
            "openstack_networking_secgroup_v2.openvpn",
            "openstack_networking_secgroup_v2.ssh"
          ]
        }
      ]
    },
    {
      "module": "module.openvpn",
      "mode": "managed",
      "type": "openstack_networking_floatingip_v2",
      "name": "floatip_1_random",
      "provider": "provider[\"registry.terraform.io/terraform-provider-openstack/openstack\"]",
      "instances": [
        {
          "index_key": 0,
          "schema_version": 0,
          "attributes": {
            "address": "195.15.196.29",
            "all_tags": [],
            "description": "",
            "dns_domain": "",
            "dns_name": "",
            "fixed_ip": "",
            "id": "cb4c32a2-1288-4fa6-ad2e-387d295c19f0",
            "pool": "ext-floating1",
            "port_id": "",
            "region": "dc3-a",
            "subnet_id": null,
            "subnet_ids": [],
            "tags": null,
            "tenant_id": "dabc9df3dd9440908120728ce6fc3819",
            "timeouts": null,
            "value_specs": null
          },
          "sensitive_attributes": [],
          "private": "eyJlMmJmYjczMC1lY2FhLTExZTYtOGY4OC0zNDM2M2JjN2M0YzAiOnsiY3JlYXRlIjo2MDAwMDAwMDAwMDAsImRlbGV0ZSI6NjAwMDAwMDAwMDAwfX0=",
          "dependencies": [
            "module.network_dev.openstack_networking_network_v2.network_name",
            "module.network_dev.openstack_networking_router_interface_v2.network_router_interface",
            "module.network_dev.openstack_networking_subnet_v2.network_subnet",
            "module.openvpn.data.openstack_networking_subnet_ids_v2.ext_subnets",
            "openstack_networking_router_v2.rt1",
            "openstack_networking_secgroup_rule_v2.secgroup_openvpn_rule_v4",
            "openstack_networking_secgroup_v2.openvpn"
          ]
        }
      ]
    }
  ],
  "check_results": null
}
